
Microsoft Visual Studio Solution File, Format Version 12.00
# Visual Studio 15
VisualStudioVersion = 15.0.28306.52
MinimumVisualStudioVersion = 10.0.40219.1
Project("{9A19103F-16F7-4668-BE54-9A1E7A4F7556}") = "Upload_Large_File_MVC_Core", "Upload_Large_File_MVC_Core\Upload_Large_File_MVC_Core.csproj", "{F034A170-AAB2-459B-BECA-EC984AE44BF9}"
EndProject
Global
	GlobalSection(SolutionConfigurationPlatforms) = preSolution
		Debug|Any CPU = Debug|Any CPU
		Release|Any CPU = Release|Any CPU
	EndGlobalSection
	GlobalSection(ProjectConfigurationPlatforms) = postSolution
		{F034A170-AAB2-459B-BECA-EC984AE44BF9}.Debug|Any CPU.ActiveCfg = Debug|Any CPU
		{F034A170-AAB2-459B-BECA-EC984AE44BF9}.Debug|Any CPU.Build.0 = Debug|Any CPU
		{F034A170-AAB2-459B-BECA-EC984AE44BF9}.Release|Any CPU.ActiveCfg = Release|Any CPU
		{F034A170-AAB2-459B-BECA-EC984AE44BF9}.Release|Any CPU.Build.0 = Release|Any CPU
	EndGlobalSection
	GlobalSection(SolutionProperties) = preSolution
		HideSolutionNode = FALSE
	EndGlobalSection
	GlobalSection(ExtensibilityGlobals) = postSolution
		SolutionGuid = {72368104-CC3D-4C23-A743-EAC3FAF488FC}
	EndGlobalSection
EndGlobal
